# THIS IS AN AUTOGENERATED FILE. DO NOT EDIT THIS FILE DIRECTLY.
# yarn lockfile v1


"@bangle.dev/core@^0.25.0":
  version "0.25.0"
  resolved "https://registry.yarnpkg.com/@bangle.dev/core/-/core-0.25.0.tgz#4c63fb89857fe52c360c81b1dd49d88f1733c299"
  integrity sha512-h5FTEiBVCZJbN+Tcf1hYXINA3jlRMSijCd2obL+GY9LXpzAF2EJrqXn2dH/y1KSodi/b1sGqSGXehg8VTanPNw==
  dependencies:
    "@bangle.dev/utils" "0.25.0"

"@bangle.dev/pm@^0.7.0":
  version "0.7.0"
  resolved "https://registry.yarnpkg.com/@bangle.dev/pm/-/pm-0.7.0.tgz#3c7c73508743fc1ee2d709dcd989ded24b1818ce"
  integrity sha512-UM99q9jVWVyqs7jfWikGsgNwX0ff4FYH+cyoFiEiiNhVilq19SWQDNeq7pZYLsvKkRCzgDb9Kq8aWQlCoU+KGA==
  dependencies:
    "@types/prosemirror-commands" "1.x"
    "@types/prosemirror-dropcursor" "1.x"
    "@types/prosemirror-gapcursor" "1.x"
    "@types/prosemirror-history" "1.x"
    "@types/prosemirror-inputrules" "1.x"
    "@types/prosemirror-keymap" "1.x"
    "@types/prosemirror-model" "1.x"
    "@types/prosemirror-schema-list" "1.x"
    "@types/prosemirror-state" "1.x"
    "@types/prosemirror-transform" "1.x"
    "@types/prosemirror-view" "1.x"
    prosemirror-commands "^1.1.10"
    prosemirror-dropcursor "^1.3.5"
    prosemirror-gapcursor "^1.1.5"
    prosemirror-history "^1.1.0"
    prosemirror-inputrules "^1.1.0"
    prosemirror-keymap "^1.1.4"
    prosemirror-model "^1.1.0"
    prosemirror-schema-list "^1.1.5"
    prosemirror-state "^1.0.0"
    prosemirror-tables "^1.1.1"
    prosemirror-transform "^1.1.0"
    prosemirror-view "^1.10.0"

"@bangle.dev/utils@0.25.0":
  version "0.25.0"
  resolved "https://registry.yarnpkg.com/@bangle.dev/utils/-/utils-0.25.0.tgz#b8bb09d2cdd0bfc7589a91cb5db4b2c44b791e04"
  integrity sha512-S59inBhdWpo5239XfEXsPiLfYjkGdqgozQ7B7ZJAj1o68EwDk/z/0QUi4yKQF0VeVMeCbS/SznELKq6zmMSBVQ==
  dependencies:
    prosemirror-model "^1.0.0"
    prosemirror-state "^1.0.1"
    prosemirror-utils "1.0.0-0"

"@types/orderedmap@*":
  version "1.0.0"
  resolved "https://registry.yarnpkg.com/@types/orderedmap/-/orderedmap-1.0.0.tgz#807455a192bba52cbbb4517044bc82bdbfa8c596"
  integrity sha512-dxKo80TqYx3YtBipHwA/SdFmMMyLCnP+5mkEqN0eMjcTBzHkiiX0ES118DsjDBjvD+zeSsSU9jULTZ+frog+Gw==

"@types/prosemirror-commands@*", "@types/prosemirror-commands@1.x":
  version "1.0.4"
  resolved "https://registry.yarnpkg.com/@types/prosemirror-commands/-/prosemirror-commands-1.0.4.tgz#d08551415127d93ae62e7239d30db0b5e7208e22"
  integrity sha512-utDNYB3EXLjAfYIcRWJe6pn3kcQ5kG4RijbT/0Y/TFOm6yhvYS/D9eJVnijdg9LDjykapcezchxGRqFD5LcyaQ==
  dependencies:
    "@types/prosemirror-model" "*"
    "@types/prosemirror-state" "*"
    "@types/prosemirror-view" "*"

"@types/prosemirror-dropcursor@1.x":
  version "1.0.2"
  resolved "https://registry.yarnpkg.com/@types/prosemirror-dropcursor/-/prosemirror-dropcursor-1.0.2.tgz#476b90a661f32d6d6a21599f53fcd71e36c65a1f"
  integrity sha512-5Ez7yIAvHQgn5YJkuafEh0w4sHV7pksCX9LTPBFRjCuznamcKsnYCez4mR0PwIWq/WuPDvHkR+wqKb4l0t9/aQ==
  dependencies:
    "@types/prosemirror-state" "*"

"@types/prosemirror-gapcursor@1.x":
  version "1.0.4"
  resolved "https://registry.yarnpkg.com/@types/prosemirror-gapcursor/-/prosemirror-gapcursor-1.0.4.tgz#7df7d373edb33ea8da12084bfd462cf84cd69761"
  integrity sha512-9xKjFIG5947dzerFvkLWp6F53JwrUYoYwh3SgcTFEp8SbSfNNrez/PFYVZKPnoqPoaK5WtTdQTaMwpCV9rXQIg==
  dependencies:
    "@types/prosemirror-model" "*"
    "@types/prosemirror-state" "*"

"@types/prosemirror-history@1.x":
  version "1.0.3"
  resolved "https://registry.yarnpkg.com/@types/prosemirror-history/-/prosemirror-history-1.0.3.tgz#f1110efbe758129b5475e466ff077f0a8d9b964f"
  integrity sha512-5TloMDRavgLjOAKXp1Li8u0xcsspzbT1Cm9F2pwHOkgvQOz1jWQb2VIXO7RVNsFjLBZdIXlyfSLivro3DuMWXg==
  dependencies:
    "@types/prosemirror-model" "*"
    "@types/prosemirror-state" "*"

"@types/prosemirror-inputrules@1.x":
  version "1.0.4"
  resolved "https://registry.yarnpkg.com/@types/prosemirror-inputrules/-/prosemirror-inputrules-1.0.4.tgz#4cb75054d954aa0f6f42099be05eb6c0e6958bae"
  integrity sha512-lJIMpOjO47SYozQybUkpV6QmfuQt7GZKHtVrvS+mR5UekA8NMC5HRIVMyaIauJLWhKU6oaNjpVaXdw41kh165g==
  dependencies:
    "@types/prosemirror-model" "*"
    "@types/prosemirror-state" "*"

"@types/prosemirror-keymap@1.x":
  version "1.0.4"
  resolved "https://registry.yarnpkg.com/@types/prosemirror-keymap/-/prosemirror-keymap-1.0.4.tgz#f73c79810e8d0e0a20d153d84f998f02e5afbc0c"
  integrity sha512-ycevwkqUh+jEQtPwqO7sWGcm+Sybmhu8MpBsM8DlO3+YTKnXbKA6SDz/+q14q1wK3UA8lHJyfR+v+GPxfUSemg==
  dependencies:
    "@types/prosemirror-commands" "*"
    "@types/prosemirror-model" "*"
    "@types/prosemirror-state" "*"
    "@types/prosemirror-view" "*"

"@types/prosemirror-model@*", "@types/prosemirror-model@1.x":
  version "1.13.1"
  resolved "https://registry.yarnpkg.com/@types/prosemirror-model/-/prosemirror-model-1.13.1.tgz#53df04ee174a7e1dc12747005b1b4c02565adcc4"
  integrity sha512-tA1AlI+YR2t3Ve5eeQVJnQm4yV4wVlNfeogHusD1X3OEqqMYTuPssThgIMR4PxPHtvV871Ix8a20bUiJvULDgw==
  dependencies:
    "@types/orderedmap" "*"

"@types/prosemirror-schema-list@1.x":
  version "1.0.3"
  resolved "https://registry.yarnpkg.com/@types/prosemirror-schema-list/-/prosemirror-schema-list-1.0.3.tgz#bdf1893a7915fbdc5c49b3cac9368e96213d70de"
  integrity sha512-uWybOf+M2Ea7rlbs0yLsS4YJYNGXYtn4N+w8HCw3Vvfl6wBAROzlMt0gV/D/VW/7J/LlAjwMezuGe8xi24HzXA==
  dependencies:
    "@types/orderedmap" "*"
    "@types/prosemirror-model" "*"
    "@types/prosemirror-state" "*"

"@types/prosemirror-state@*", "@types/prosemirror-state@1.x":
  version "1.2.7"
  resolved "https://registry.yarnpkg.com/@types/prosemirror-state/-/prosemirror-state-1.2.7.tgz#cd55062e4043a31e3426f47668f1d7038b5d8dfb"
  integrity sha512-clJf5uw3/XQnBJtl2RqYXoLMGBySnLYl43xtDvFfQZKkLnnYcM1SDU8dcz7lWjl2Dm+H98RpLOl44pp7DYT+wA==
  dependencies:
    "@types/prosemirror-model" "*"
    "@types/prosemirror-transform" "*"
    "@types/prosemirror-view" "*"

"@types/prosemirror-transform@*", "@types/prosemirror-transform@1.x":
  version "1.1.4"
  resolved "https://registry.yarnpkg.com/@types/prosemirror-transform/-/prosemirror-transform-1.1.4.tgz#c3565e81b2ef3ce3254e6927d6f63eb8d7bb20d0"
  integrity sha512-HP1PauvkqSgDquZut8HaLOTUDQ6jja/LAy4OA7tTS1XG7wqRnX3gLUyEj0mD6vFd4y8BPkNddNdOh/BeGHlUjg==
  dependencies:
    "@types/prosemirror-model" "*"

"@types/prosemirror-view@*", "@types/prosemirror-view@1.x":
  version "1.17.2"
  resolved "https://registry.yarnpkg.com/@types/prosemirror-view/-/prosemirror-view-1.17.2.tgz#3aff71a0802bdfc310404db8a37ced2db69fd74f"
  integrity sha512-1yUTQZ3yx2YvJTHZdY/rmvSiJ8tJLhUmlNgbFdkFaFcKC6LTBntg5lQvOZ53Aytadab+M/xz7/TzGX8iYB/7gw==
  dependencies:
    "@types/prosemirror-model" "*"
    "@types/prosemirror-state" "*"
    "@types/prosemirror-transform" "*"

colorette@^1.2.2:
  version "1.2.2"
  resolved "https://registry.yarnpkg.com/colorette/-/colorette-1.2.2.tgz#cbcc79d5e99caea2dbf10eb3a26fd8b3e6acfa94"
  integrity sha512-MKGMzyfeuutC/ZJ1cba9NqcNpfeqMUcYmyF1ZFY6/Cn7CNSAKx6a+s48sqLqyAiZuaP2TcqMhoo+dlwFnVxT9w==

esbuild@^0.11.20:
  version "0.11.20"
  resolved "https://registry.yarnpkg.com/esbuild/-/esbuild-0.11.20.tgz#7cefa1aee8b372c184e42457885f7ce5d3e62a1e"
  integrity sha512-QOZrVpN/Yz74xfat0H6euSgn3RnwLevY1mJTEXneukz1ln9qB+ieaerRMzSeETpz/UJWsBMzRVR/andBht5WKw==

fsevents@~2.3.1:
  version "2.3.2"
  resolved "https://registry.yarnpkg.com/fsevents/-/fsevents-2.3.2.tgz#8a526f78b8fdf4623b709e0b975c52c24c02fd1a"
  integrity sha512-xiqMQR4xAeHTuB9uWm+fFRcIOgKBMiOBP+eXiyT7jsgVCq1bkVygt00oASowB7EdtpOHaaPgKt812P9ab+DDKA==

function-bind@^1.1.1:
  version "1.1.1"
  resolved "https://registry.yarnpkg.com/function-bind/-/function-bind-1.1.1.tgz#a56899d3ea3c9bab874bb9773b7c5ede92f4895d"
  integrity sha512-yIovAzMX49sF8Yl58fSCWJ5svSLuaibPxXQJFLmBObTuCr0Mf1KiPopGM9NiFjiYBCbfaa2Fh6breQ6ANVTI0A==

has@^1.0.3:
  version "1.0.3"
  resolved "https://registry.yarnpkg.com/has/-/has-1.0.3.tgz#722d7cbfc1f6aa8241f16dd814e011e1f41e8796"
  integrity sha512-f2dvO0VU6Oej7RkWJGrehjbzMAjFp5/VKPp5tTpWIV4JHHZK1/BxbFRtf/siA2SWTe09caDmVtYYzWEIbBS4zw==
  dependencies:
    function-bind "^1.1.1"

is-core-module@^2.2.0:
  version "2.4.0"
  resolved "https://registry.yarnpkg.com/is-core-module/-/is-core-module-2.4.0.tgz#8e9fc8e15027b011418026e98f0e6f4d86305cc1"
  integrity sha512-6A2fkfq1rfeQZjxrZJGerpLCTHRNEBiSgnu0+obeJpEPZRUooHgsizvzv0ZjJwOz3iWIHdJtVWJ/tmPr3D21/A==
  dependencies:
    has "^1.0.3"

nanoid@^3.1.23:
  version "3.1.23"
  resolved "https://registry.yarnpkg.com/nanoid/-/nanoid-3.1.23.tgz#f744086ce7c2bc47ee0a8472574d5c78e4183a81"
  integrity sha512-FiB0kzdP0FFVGDKlRLEQ1BgDzU87dy5NnzjeW9YZNt+/c3+q82EQDUwniSAUxp/F0gFNI1ZhKU1FqYsMuqZVnw==

orderedmap@^1.1.0:
  version "1.1.1"
  resolved "https://registry.yarnpkg.com/orderedmap/-/orderedmap-1.1.1.tgz#c618e77611b3b21d0fe3edc92586265e0059c789"
  integrity sha512-3Ux8um0zXbVacKUkcytc0u3HgC0b0bBLT+I60r2J/En72cI0nZffqrA7Xtf2Hqs27j1g82llR5Mhbd0Z1XW4AQ==

path-parse@^1.0.6:
  version "1.0.6"
  resolved "https://registry.yarnpkg.com/path-parse/-/path-parse-1.0.6.tgz#d62dbb5679405d72c4737ec58600e9ddcf06d24c"
  integrity sha512-GSmOT2EbHrINBf9SR7CDELwlJ8AENk3Qn7OikK4nFYAu3Ote2+JYNVvkpAEQm3/TLNEJFD/xZJjzyxg3KBWOzw==

postcss@^8.2.10:
  version "8.2.15"
  resolved "https://registry.yarnpkg.com/postcss/-/postcss-8.2.15.tgz#9e66ccf07292817d226fc315cbbf9bc148fbca65"
  integrity sha512-2zO3b26eJD/8rb106Qu2o7Qgg52ND5HPjcyQiK2B98O388h43A448LCslC0dI2P97wCAQRJsFvwTRcXxTKds+Q==
  dependencies:
    colorette "^1.2.2"
    nanoid "^3.1.23"
    source-map "^0.6.1"

prosemirror-commands@^1.1.10:
  version "1.1.10"
  resolved "https://registry.yarnpkg.com/prosemirror-commands/-/prosemirror-commands-1.1.10.tgz#406a6589966e6cd80809cea2d801fb998639b37d"
  integrity sha512-IWyBBXNAd44RM6NnBPljwq+/CM2oYCQJkF+YhKEAZNwzW0uFdGf4qComhjbKZzqFdu6Iub2ZhNsXgwPibA0lCQ==
  dependencies:
    prosemirror-model "^1.0.0"
    prosemirror-state "^1.0.0"
    prosemirror-transform "^1.0.0"

prosemirror-dropcursor@^1.3.5:
  version "1.3.5"
  resolved "https://registry.yarnpkg.com/prosemirror-dropcursor/-/prosemirror-dropcursor-1.3.5.tgz#d2808c17089df0e441ad66016aecc2b6457c8a1f"
  integrity sha512-tNUwcF2lPAkwKBZPZRtbxpwljnODRNZ3eiYloN1DSUqDjMT1nBZm0nejaEMS1TvNQ+3amibUSAiV4hX+jpASFA==
  dependencies:
    prosemirror-state "^1.0.0"
    prosemirror-transform "^1.1.0"
    prosemirror-view "^1.1.0"

prosemirror-gapcursor@^1.1.5:
  version "1.1.5"
  resolved "https://registry.yarnpkg.com/prosemirror-gapcursor/-/prosemirror-gapcursor-1.1.5.tgz#0c37fd6cbb1d7c46358c2e7397f8da9a8b5c6246"
  integrity sha512-SjbUZq5pgsBDuV3hu8GqgIpZR5eZvGLM+gPQTqjVVYSMUCfKW3EGXTEYaLHEl1bGduwqNC95O3bZflgtAb4L6w==
  dependencies:
    prosemirror-keymap "^1.0.0"
    prosemirror-model "^1.0.0"
    prosemirror-state "^1.0.0"
    prosemirror-view "^1.0.0"

prosemirror-history@^1.1.0:
  version "1.1.3"
  resolved "https://registry.yarnpkg.com/prosemirror-history/-/prosemirror-history-1.1.3.tgz#4f76a1e71db4ef7cdf0e13dec6d8da2aeaecd489"
  integrity sha512-zGDotijea+vnfnyyUGyiy1wfOQhf0B/b6zYcCouBV8yo6JmrE9X23M5q7Nf/nATywEZbgRLG70R4DmfSTC+gfg==
  dependencies:
    prosemirror-state "^1.2.2"
    prosemirror-transform "^1.0.0"
    rope-sequence "^1.3.0"

prosemirror-inputrules@^1.1.0:
  version "1.1.3"
  resolved "https://registry.yarnpkg.com/prosemirror-inputrules/-/prosemirror-inputrules-1.1.3.tgz#93f9199ca02473259c30d7e352e4c14022d54638"
  integrity sha512-ZaHCLyBtvbyIHv0f5p6boQTIJjlD6o2NPZiEaZWT2DA+j591zS29QQEMT4lBqwcLW3qRSf7ZvoKNbf05YrsStw==
  dependencies:
    prosemirror-state "^1.0.0"
    prosemirror-transform "^1.0.0"

prosemirror-keymap@^1.0.0, prosemirror-keymap@^1.1.2, prosemirror-keymap@^1.1.4:
  version "1.1.4"
  resolved "https://registry.yarnpkg.com/prosemirror-keymap/-/prosemirror-keymap-1.1.4.tgz#8b481bf8389a5ac40d38dbd67ec3da2c7eac6a6d"
  integrity sha512-Al8cVUOnDFL4gcI5IDlG6xbZ0aOD/i3B17VT+1JbHWDguCgt/lBHVTHUBcKvvbSg6+q/W4Nj1Fu6bwZSca3xjg==
  dependencies:
    prosemirror-state "^1.0.0"
    w3c-keyname "^2.2.0"

prosemirror-model@^1.0.0, prosemirror-model@^1.1.0, prosemirror-model@^1.8.1:
  version "1.14.2"
  resolved "https://registry.yarnpkg.com/prosemirror-model/-/prosemirror-model-1.14.2.tgz#4e8c39cfff4e097631af4495e125d9a8a9773116"
  integrity sha512-TwkACyEiSi8FJiRhg2ffbzmQRy5DR+aTwAr7trNQNZL24HJR8ouxy4qCkG99PnWK0xZ0AjSMtPXSU6hnxAiP7Q==
  dependencies:
    orderedmap "^1.1.0"

prosemirror-schema-list@^1.1.5:
  version "1.1.5"
  resolved "https://registry.yarnpkg.com/prosemirror-schema-list/-/prosemirror-schema-list-1.1.5.tgz#e7ad9e337ea3d77da6d6a4250f3d7bd51ae980a4"
  integrity sha512-9gadhga/wySVfb/iZ2vOpndbG0XroeLw0HkkZN5demNbOea6U5oQtJmvyYWC7ZVf3WkhmVdVsOXrllM9JcC20A==
  dependencies:
    prosemirror-model "^1.0.0"
    prosemirror-transform "^1.0.0"

prosemirror-state@^1.0.0, prosemirror-state@^1.0.1, prosemirror-state@^1.2.2, prosemirror-state@^1.3.1:
  version "1.3.4"
  resolved "https://registry.yarnpkg.com/prosemirror-state/-/prosemirror-state-1.3.4.tgz#4c6b52628216e753fc901c6d2bfd84ce109e8952"
  integrity sha512-Xkkrpd1y/TQ6HKzN3agsQIGRcLckUMA9u3j207L04mt8ToRgpGeyhbVv0HI7omDORIBHjR29b7AwlATFFf2GLA==
  dependencies:
    prosemirror-model "^1.0.0"
    prosemirror-transform "^1.0.0"

prosemirror-tables@^1.1.1:
  version "1.1.1"
  resolved "https://registry.yarnpkg.com/prosemirror-tables/-/prosemirror-tables-1.1.1.tgz#ad66300cc49500455cf1243bb129c9e7d883321e"
  integrity sha512-LmCz4jrlqQZRsYRDzCRYf/pQ5CUcSOyqZlAj5kv67ZWBH1SVLP2U9WJEvQfimWgeRlIz0y0PQVqO1arRm1+woA==
  dependencies:
    prosemirror-keymap "^1.1.2"
    prosemirror-model "^1.8.1"
    prosemirror-state "^1.3.1"
    prosemirror-transform "^1.2.1"
    prosemirror-view "^1.13.3"

prosemirror-transform@^1.0.0, prosemirror-transform@^1.1.0, prosemirror-transform@^1.2.1:
  version "1.3.2"
  resolved "https://registry.yarnpkg.com/prosemirror-transform/-/prosemirror-transform-1.3.2.tgz#5620ebe7379e6fae4f34ecc881886cb22ce96579"
  integrity sha512-/G6d/u9Mf6Bv3H1XR8VxhpjmUO75LYmnvj+s3ZfZpakU1hnQbsvCEybml1B3f2IWUAAQRFkbO1PnsbFhLZsYsw==
  dependencies:
    prosemirror-model "^1.0.0"

prosemirror-utils@1.0.0-0:
  version "1.0.0-0"
  resolved "https://registry.yarnpkg.com/prosemirror-utils/-/prosemirror-utils-1.0.0-0.tgz#7dfd112abf69001508a76200f9c8660fda7fa85f"
  integrity sha512-11hTMG4Qwqlux6Vwp/4m16mLDg6IwWb0/odsWXGtWvvRJo61SfG0RGYlA8H72vExmbnWpiXa7PNenZ6t12Rkqw==

prosemirror-view@^1.0.0, prosemirror-view@^1.1.0, prosemirror-view@^1.10.0, prosemirror-view@^1.13.3:
  version "1.18.10"
  resolved "https://registry.yarnpkg.com/prosemirror-view/-/prosemirror-view-1.18.10.tgz#7ee25be72409f8de21ba2d08c640e4dd7a3ddef7"
  integrity sha512-DR3lexbN3D36umBNo7DaYheEQB0MdC8Hk2Lhz2YXIC7nEPjC2VG03Zy/YcYusxTtAY08+YB6OKH3yDWJDRObtg==
  dependencies:
    prosemirror-model "^1.1.0"
    prosemirror-state "^1.0.0"
    prosemirror-transform "^1.1.0"

resolve@^1.19.0:
  version "1.20.0"
  resolved "https://registry.yarnpkg.com/resolve/-/resolve-1.20.0.tgz#629a013fb3f70755d6f0b7935cc1c2c5378b1975"
  integrity sha512-wENBPt4ySzg4ybFQW2TT1zMQucPK95HSh/nq2CFTZVOGut2+pQvSsgtda4d26YrYcr067wjbmzOG8byDPBX63A==
  dependencies:
    is-core-module "^2.2.0"
    path-parse "^1.0.6"

rollup@^2.38.5:
  version "2.47.0"
  resolved "https://registry.yarnpkg.com/rollup/-/rollup-2.47.0.tgz#9d958aeb2c0f6a383cacc0401dff02b6e252664d"
  integrity sha512-rqBjgq9hQfW0vRmz+0S062ORRNJXvwRpzxhFXORvar/maZqY6za3rgQ/p1Glg+j1hnc1GtYyQCPiAei95uTElg==
  optionalDependencies:
    fsevents "~2.3.1"

rope-sequence@^1.3.0:
  version "1.3.2"
  resolved "https://registry.yarnpkg.com/rope-sequence/-/rope-sequence-1.3.2.tgz#a19e02d72991ca71feb6b5f8a91154e48e3c098b"
  integrity sha512-ku6MFrwEVSVmXLvy3dYph3LAMNS0890K7fabn+0YIRQ2T96T9F4gkFf0vf0WW0JUraNWwGRtInEpH7yO4tbQZg==

source-map@^0.6.1:
  version "0.6.1"
  resolved "https://registry.yarnpkg.com/source-map/-/source-map-0.6.1.tgz#74722af32e9614e9c287a8d0bbde48b5e2f1a263"
  integrity sha512-UjgapumWlbMhkBgzT7Ykc5YXUT46F0iKu8SGXq0bcwP5dz/h0Plj6enJqjz1Zbq2l5WaqYnrVbwWOWMyF3F47g==

vite@^2.2.3:
  version "2.3.2"
  resolved "https://registry.yarnpkg.com/vite/-/vite-2.3.2.tgz#cfac76b04d4dee1c7303b55f563b5b62d32f41fe"
  integrity sha512-QhLdOompDrfkyryCNTts9HE+eJhvhN9ibKNJ5Q8DpQai+6nOsuIlaveZNg67e1O/2QaWqXeBo82eHnAs1De2bQ==
  dependencies:
    esbuild "^0.11.20"
    postcss "^8.2.10"
    resolve "^1.19.0"
    rollup "^2.38.5"
  optionalDependencies:
    fsevents "~2.3.1"

w3c-keyname@^2.2.0:
  version "2.2.4"
  resolved "https://registry.yarnpkg.com/w3c-keyname/-/w3c-keyname-2.2.4.tgz#4ade6916f6290224cdbd1db8ac49eab03d0eef6b"
  integrity sha512-tOhfEwEzFLJzf6d1ZPkYfGj+FWhIpBux9ppoP3rlclw3Z0BZv3N7b7030Z1kYth+6rDuAsXUFr+d0VE6Ed1ikw==
